
Microsoft Visual Studio Solution File, Format Version 12.00
# Visual Studio Version 17
VisualStudioVersion = 17.3.32825.248
MinimumVisualStudioVersion = 10.0.40219.1
Project("{9A19103F-16F7-4668-BE54-9A1E7A4F7556}") = "Toy Robot Library", "Toy Robot Library\Toy Robot Library.csproj", "{F5E2D4CB-1357-4C65-9859-B8DAA657C058}"
EndProject
Project("{FAE04EC0-301F-11D3-BF4B-00C04F79EFBC}") = "Toy Robot Challenge", "Toy Robot Challenge\Toy Robot Challenge.csproj", "{8B80DDEE-DA31-4FCD-8BD0-F2C14F625366}"
EndProject
Global
	GlobalSection(SolutionConfigurationPlatforms) = preSolution
		Debug|Any CPU = Debug|Any CPU
		Release|Any CPU = Release|Any CPU
	EndGlobalSection
	GlobalSection(ProjectConfigurationPlatforms) = postSolution
		{F5E2D4CB-1357-4C65-9859-B8DAA657C058}.Debug|Any CPU.ActiveCfg = Debug|Any CPU
		{F5E2D4CB-1357-4C65-9859-B8DAA657C058}.Debug|Any CPU.Build.0 = Debug|Any CPU
		{F5E2D4CB-1357-4C65-9859-B8DAA657C058}.Release|Any CPU.ActiveCfg = Release|Any CPU
		{F5E2D4CB-1357-4C65-9859-B8DAA657C058}.Release|Any CPU.Build.0 = Release|Any CPU
		{8B80DDEE-DA31-4FCD-8BD0-F2C14F625366}.Debug|Any CPU.ActiveCfg = Debug|Any CPU
		{8B80DDEE-DA31-4FCD-8BD0-F2C14F625366}.Debug|Any CPU.Build.0 = Debug|Any CPU
		{8B80DDEE-DA31-4FCD-8BD0-F2C14F625366}.Release|Any CPU.ActiveCfg = Release|Any CPU
		{8B80DDEE-DA31-4FCD-8BD0-F2C14F625366}.Release|Any CPU.Build.0 = Release|Any CPU
	EndGlobalSection
	GlobalSection(SolutionProperties) = preSolution
		HideSolutionNode = FALSE
	EndGlobalSection
	GlobalSection(ExtensibilityGlobals) = postSolution
		SolutionGuid = {ACDC2F4F-FA1D-4EBF-B9CE-87001E630036}
	EndGlobalSection
EndGlobal
